
Microsoft Visual Studio Solution File, Format Version 12.00
# Visual Studio Version 17
VisualStudioVersion = 17.9.34701.34
MinimumVisualStudioVersion = 10.0.40219.1
Project("{9A19103F-16F7-4668-BE54-9A1E7A4F7556}") = "BeeFree2", "BeeFree2\BeeFree2.csproj", "{C52E400C-37BB-47A2-9525-593FACB46849}"
EndProject
Project("{FAE04EC0-301F-11D3-BF4B-00C04F79EFBC}") = "BeeFree2.Tests", "BeeFree2.Tests\BeeFree2.Tests.csproj", "{3458C42D-DBF6-4105-A094-0601E2B74751}"
EndProject
Project("{9A19103F-16F7-4668-BE54-9A1E7A4F7556}") = "Apos.Gui", "Apos.Gui\Apos.Gui.csproj", "{3A186AA9-7032-4603-BFA9-903E06173407}"
EndProject
Global
	GlobalSection(SolutionConfigurationPlatforms) = preSolution
		Debug|Any CPU = Debug|Any CPU
		Release|Any CPU = Release|Any CPU
	EndGlobalSection
	GlobalSection(ProjectConfigurationPlatforms) = postSolution
		{C52E400C-37BB-47A2-9525-593FACB46849}.Debug|Any CPU.ActiveCfg = Debug|Any CPU
		{C52E400C-37BB-47A2-9525-593FACB46849}.Debug|Any CPU.Build.0 = Debug|Any CPU
		{C52E400C-37BB-47A2-9525-593FACB46849}.Release|Any CPU.ActiveCfg = Release|Any CPU
		{C52E400C-37BB-47A2-9525-593FACB46849}.Release|Any CPU.Build.0 = Release|Any CPU
		{3458C42D-DBF6-4105-A094-0601E2B74751}.Debug|Any CPU.ActiveCfg = Debug|Any CPU
		{3458C42D-DBF6-4105-A094-0601E2B74751}.Debug|Any CPU.Build.0 = Debug|Any CPU
		{3458C42D-DBF6-4105-A094-0601E2B74751}.Release|Any CPU.ActiveCfg = Release|Any CPU
		{3458C42D-DBF6-4105-A094-0601E2B74751}.Release|Any CPU.Build.0 = Release|Any CPU
		{3A186AA9-7032-4603-BFA9-903E06173407}.Debug|Any CPU.ActiveCfg = Debug|Any CPU
		{3A186AA9-7032-4603-BFA9-903E06173407}.Debug|Any CPU.Build.0 = Debug|Any CPU
		{3A186AA9-7032-4603-BFA9-903E06173407}.Release|Any CPU.ActiveCfg = Release|Any CPU
		{3A186AA9-7032-4603-BFA9-903E06173407}.Release|Any CPU.Build.0 = Release|Any CPU
	EndGlobalSection
	GlobalSection(SolutionProperties) = preSolution
		HideSolutionNode = FALSE
	EndGlobalSection
	GlobalSection(ExtensibilityGlobals) = postSolution
		SolutionGuid = {D0192652-7319-4F4D-B218-760D60C3E502}
	EndGlobalSection
EndGlobal
